// !$*UTF8*$!
{
	archiveVersion = 1;
	classes = {
	};
	objectVersion = 46;
	objects = {

/* Begin PBXBuildFile section */
		FC404A531C1789270005BC97 /* AppDelegate.swift in Sources */ = {isa = PBXBuildFile; fileRef = FC404A521C1789270005BC97 /* AppDelegate.swift */; };
		FC404A551C1789270005BC97 /* FriendListViewController.swift in Sources */ = {isa = PBXBuildFile; fileRef = FC404A541C1789270005BC97 /* FriendListViewController.swift */; };
		FC404A581C1789270005BC97 /* Main.storyboard in Resources */ = {isa = PBXBuildFile; fileRef = FC404A561C1789270005BC97 /* Main.storyboard */; };
		FC404A5A1C1789270005BC97 /* Assets.xcassets in Resources */ = {isa = PBXBuildFile; fileRef = FC404A591C1789270005BC97 /* Assets.xcassets */; };
		FC404A5D1C1789270005BC97 /* LaunchScreen.storyboard in Resources */ = {isa = PBXBuildFile; fileRef = FC404A5B1C1789270005BC97 /* LaunchScreen.storyboard */; };
		FC404A651C1799450005BC97 /* FriendDetailViewController.swift in Sources */ = {isa = PBXBuildFile; fileRef = FC404A641C1799450005BC97 /* FriendDetailViewController.swift */; };
		FC404A671C179F670005BC97 /* Friend.swift in Sources */ = {isa = PBXBuildFile; fileRef = FC404A661C179F670005BC97 /* Friend.swift */; };
/* End PBXBuildFile section */

/* Begin PBXFileReference section */
		FC404A4F1C1789270005BC97 /* Friend Book Plus.app */ = {isa = PBXFileReference; explicitFileType = wrapper.application; includeInIndex = 0; path = "Friend Book Plus.app"; sourceTree = BUILT_PRODUCTS_DIR; };
		FC404A521C1789270005BC97 /* AppDelegate.swift */ = {isa = PBXFileReference; lastKnownFileType = sourcecode.swift; path = AppDelegate.swift; sourceTree = "<group>"; };
		FC404A541C1789270005BC97 /* FriendListViewController.swift */ = {isa = PBXFileReference; lastKnownFileType = sourcecode.swift; path = FriendListViewController.swift; sourceTree = "<group>"; };
		FC404A571C1789270005BC97 /* Base */ = {isa = PBXFileReference; lastKnownFileType = file.storyboard; name = Base; path = Base.lproj/Main.storyboard; sourceTree = "<group>"; };
		FC404A591C1789270005BC97 /* Assets.xcassets */ = {isa = PBXFileReference; lastKnownFileType = folder.assetcatalog; path = Assets.xcassets; sourceTree = "<group>"; };
		FC404A5C1C1789270005BC97 /* Base */ = {isa = PBXFileReference; lastKnownFileType = file.storyboard; name = Base; path = Base.lproj/LaunchScreen.storyboard; sourceTree = "<group>"; };
		FC404A5E1C1789270005BC97 /* Info.plist */ = {isa = PBXFileReference; lastKnownFileType = text.plist.xml; path = Info.plist; sourceTree = "<group>"; };
		FC404A641C1799450005BC97 /* FriendDetailViewController.swift */ = {isa = PBXFileReference; fileEncoding = 4; lastKnownFileType = sourcecode.swift; path = FriendDetailViewController.swift; sourceTree = "<group>"; };
		FC404A661C179F670005BC97 /* Friend.swift */ = {isa = PBXFileReference; fileEncoding = 4; lastKnownFileType = sourcecode.swift; path = Friend.swift; sourceTree = "<group>"; };
/* End PBXFileReference section */

/* Begin PBXFrameworksBuildPhase section */
		FC404A4C1C1789270005BC97 /* Frameworks */ = {
			isa = PBXFrameworksBuildPhase;
			buildActionMask = 2147483647;
			files = (
			);
			runOnlyForDeploymentPostprocessing = 0;
		};
/* End PBXFrameworksBuildPhase section */

/* Begin PBXGroup section */
		FC404A461C1789270005BC97 = {
			isa = PBXGroup;
			children = (
				FC404A511C1789270005BC97 /* Friend Book Plus */,
				FC404A501C1789270005BC97 /* Products */,
			);
			sourceTree = "<group>";
		};
		FC404A501C1789270005BC97 /* Products */ = {
			isa = PBXGroup;
			children = (
				FC404A4F1C1789270005BC97 /* Friend Book Plus.app */,
			);
			name = Products;
			sourceTree = "<group>";
		};
		FC404A511C1789270005BC97 /* Friend Book Plus */ = {
			isa = PBXGroup;
			children = (
				FC404A541C1789270005BC97 /* FriendListViewController.swift */,
				FC404A641C1799450005BC97 /* FriendDetailViewController.swift */,
				FC404A661C179F670005BC97 /* Friend.swift */,
				FC404A561C1789270005BC97 /* Main.storyboard */,
				FC404A591C1789270005BC97 /* Assets.xcassets */,
				FC404A5B1C1789270005BC97 /* LaunchScreen.storyboard */,
				FC404A521C1789270005BC97 /* AppDelegate.swift */,
				FC404A5E1C1789270005BC97 /* Info.plist */,
			);
			path = "Friend Book Plus";
			sourceTree = "<group>";
		};
/* End PBXGroup section */

/* Begin PBXNativeTarget section */
		FC404A4E1C1789270005BC97 /* Friend Book Plus */ = {
			isa = PBXNativeTarget;
			buildConfigurationList = FC404A611C1789270005BC97 /* Build configuration list for PBXNativeTarget "Friend Book Plus" */;
			buildPhases = (
				FC404A4B1C1789270005BC97 /* Sources */,
				FC404A4C1C1789270005BC97 /* Frameworks */,
				FC404A4D1C1789270005BC97 /* Resources */,
			);
			buildRules = (
			);
			dependencies = (
			);
			name = "Friend Book Plus";
			productName = "Friend Book Plus";
			productReference = FC404A4F1C1789270005BC97 /* Friend Book Plus.app */;
			productType = "com.apple.product-type.application";
		};
/* End PBXNativeTarget section */

/* Begin PBXProject section */
		FC404A471C1789270005BC97 /* Project object */ = {
			isa = PBXProject;
			attributes = {
				LastSwiftUpdateCheck = 0710;
				LastUpgradeCheck = 0710;
				ORGANIZATIONNAME = "ciccio boles";
				TargetAttributes = {
					FC404A4E1C1789270005BC97 = {
						CreatedOnToolsVersion = 7.1.1;
					};
				};
			};
			buildConfigurationList = FC404A4A1C1789270005BC97 /* Build configuration list for PBXProject "Friend Book Plus" */;
			compatibilityVersion = "Xcode 3.2";
			developmentRegion = English;
			hasScannedForEncodings = 0;
			knownRegions = (
				en,
				Base,
			);
			mainGroup = FC404A461C1789270005BC97;
			productRefGroup = FC404A501C1789270005BC97 /* Products */;
			projectDirPath = "";
			projectRoot = "";
			targets = (
				FC404A4E1C1789270005BC97 /* Friend Book Plus */,
			);
		};
/* End PBXProject section */

/* Begin PBXResourcesBuildPhase section */
		FC404A4D1C1789270005BC97 /* Resources */ = {
			isa = PBXResourcesBuildPhase;
			buildActionMask = 2147483647;
			files = (
				FC404A5D1C1789270005BC97 /* LaunchScreen.storyboard in Resources */,
				FC404A5A1C1789270005BC97 /* Assets.xcassets in Resources */,
				FC404A581C1789270005BC97 /* Main.storyboard in Resources */,
			);
			runOnlyForDeploymentPostprocessing = 0;
		};
/* End PBXResourcesBuildPhase section */

/* Begin PBXSourcesBuildPhase section */
		FC404A4B1C1789270005BC97 /* Sources */ = {
			isa = PBXSourcesBuildPhase;
			buildActionMask = 2147483647;
			files = (
				FC404A551C1789270005BC97 /* FriendListViewController.swift in Sources */,
				FC404A531C1789270005BC97 /* AppDelegate.swift in Sources */,
				FC404A651C1799450005BC97 /* FriendDetailViewController.swift in Sources */,
				FC404A671C179F670005BC97 /* Friend.swift in Sources */,
			);
			runOnlyForDeploymentPostprocessing = 0;
		};
/* End PBXSourcesBuildPhase section */

/* Begin PBXVariantGroup section */
		FC404A561C1789270005BC97 /* Main.storyboard */ = {
			isa = PBXVariantGroup;
			children = (
				FC404A571C1789270005BC97 /* Base */,
			);
			name = Main.storyboard;
			sourceTree = "<group>";
		};
		FC404A5B1C1789270005BC97 /* LaunchScreen.storyboard */ = {
			isa = PBXVariantGroup;
			children = (
				FC404A5C1C1789270005BC97 /* Base */,
			);
			name = LaunchScreen.storyboard;
			sourceTree = "<group>";
		};
/* End PBXVariantGroup section */

/* Begin XCBuildConfiguration section */
		FC404A5F1C1789270005BC97 /* Debug */ = {
			isa = XCBuildConfiguration;
			buildSettings = {
				ALWAYS_SEARCH_USER_PATHS = NO;
				CLANG_CXX_LANGUAGE_STANDARD = "gnu++0x";
				CLANG_CXX_LIBRARY = "libc++";
				CLANG_ENABLE_MODULES = YES;
				CLANG_ENABLE_OBJC_ARC = YES;
				CLANG_WARN_BOOL_CONVERSION = YES;
				CLANG_WARN_CONSTANT_CONVERSION = YES;
				CLANG_WARN_DIRECT_OBJC_ISA_USAGE = YES_ERROR;
				CLANG_WARN_EMPTY_BODY = YES;
				CLANG_WARN_ENUM_CONVERSION = YES;
				CLANG_WARN_INT_CONVERSION = YES;
				CLANG_WARN_OBJC_ROOT_CLASS = YES_ERROR;
				CLANG_WARN_UNREACHABLE_CODE = YES;
				CLANG_WARN__DUPLICATE_METHOD_MATCH = YES;
				"CODE_SIGN_IDENTITY[sdk=iphoneos*]" = "iPhone Developer";
				COPY_PHASE_STRIP = NO;
				DEBUG_INFORMATION_FORMAT = dwarf;
				ENABLE_STRICT_OBJC_MSGSEND = YES;
				ENABLE_TESTABILITY = YES;
				GCC_C_LANGUAGE_STANDARD = gnu99;
				GCC_DYNAMIC_NO_PIC = NO;
				GCC_NO_COMMON_BLOCKS = YES;
				GCC_OPTIMIZATION_LEVEL = 0;
				GCC_PREPROCESSOR_DEFINITIONS = (
					"DEBUG=1",
					"$(inherited)",
				);
				GCC_WARN_64_TO_32_BIT_CONVERSION = YES;
				GCC_WARN_ABOUT_RETURN_TYPE = YES_ERROR;
				GCC_WARN_UNDECLARED_SELECTOR = YES;
				GCC_WARN_UNINITIALIZED_AUTOS = YES_AGGRESSIVE;
				GCC_WARN_UNUSED_FUNCTION = YES;
				GCC_WARN_UNUSED_VARIABLE = YES;
				IPHONEOS_DEPLOYMENT_TARGET = 9.1;
				MTL_ENABLE_DEBUG_INFO = YES;
				ONLY_ACTIVE_ARCH = YES;
				SDKROOT = iphoneos;
				SWIFT_OPTIMIZATION_LEVEL = "-Onone";
			};
			name = Debug;
		};
		FC404A601C1789270005BC97 /* Release */ = {
			isa = XCBuildConfiguration;
			buildSettings = {
				ALWAYS_SEARCH_USER_PATHS = NO;
				CLANG_CXX_LANGUAGE_STANDARD = "gnu++0x";
				CLANG_CXX_LIBRARY = "libc++";
				CLANG_ENABLE_MODULES = YES;
				CLANG_ENABLE_OBJC_ARC = YES;
				CLANG_WARN_BOOL_CONVERSION = YES;
				CLANG_WARN_CONSTANT_CONVERSION = YES;
				CLANG_WARN_DIRECT_OBJC_ISA_USAGE = YES_ERROR;
				CLANG_WARN_EMPTY_BODY = YES;
				CLANG_WARN_ENUM_CONVERSION = YES;
				CLANG_WARN_INT_CONVERSION = YES;
				CLANG_WARN_OBJC_ROOT_CLASS = YES_ERROR;
				CLANG_WARN_UNREACHABLE_CODE = YES;
				CLANG_WARN__DUPLICATE_METHOD_MATCH = YES;
				"CODE_SIGN_IDENTITY[sdk=iphoneos*]" = "iPhone Developer";
				COPY_PHASE_STRIP = NO;
				DEBUG_INFORMATION_FORMAT = "dwarf-with-dsym";
				ENABLE_NS_ASSERTIONS = NO;
				ENABLE_STRICT_OBJC_MSGSEND = YES;
				GCC_C_LANGUAGE_STANDARD = gnu99;
				GCC_NO_COMMON_BLOCKS = YES;
				GCC_WARN_64_TO_32_BIT_CONVERSION = YES;
				GCC_WARN_ABOUT_RETURN_TYPE = YES_ERROR;
				GCC_WARN_UNDECLARED_SELECTOR = YES;
				GCC_WARN_UNINITIALIZED_AUTOS = YES_AGGRESSIVE;
				GCC_WARN_UNUSED_FUNCTION = YES;
				GCC_WARN_UNUSED_VARIABLE = YES;
				IPHONEOS_DEPLOYMENT_TARGET = 9.1;
				MTL_ENABLE_DEBUG_INFO = NO;
				SDKROOT = iphoneos;
				VALIDATE_PRODUCT = YES;
			};
			name = Release;
		};
		FC404A621C1789270005BC97 /* Debug */ = {
			isa = XCBuildConfiguration;
			buildSettings = {
				ASSETCATALOG_COMPILER_APPICON_NAME = AppIcon;
				INFOPLIST_FILE = "Friend Book Plus/Info.plist";
				LD_RUNPATH_SEARCH_PATHS = "$(inherited) @executable_path/Frameworks";
				PRODUCT_BUNDLE_IDENTIFIER = "com.ciccio.Friend-Book-Plus";
				PRODUCT_NAME = "$(TARGET_NAME)";
			};
			name = Debug;
		};
		FC404A631C1789270005BC97 /* Release */ = {
			isa = XCBuildConfiguration;
			buildSettings = {
				ASSETCATALOG_COMPILER_APPICON_NAME = AppIcon;
				INFOPLIST_FILE = "Friend Book Plus/Info.plist";
				LD_RUNPATH_SEARCH_PATHS = "$(inherited) @executable_path/Frameworks";
				PRODUCT_BUNDLE_IDENTIFIER = "com.ciccio.Friend-Book-Plus";
				PRODUCT_NAME = "$(TARGET_NAME)";
			};
			name = Release;
		};
/* End XCBuildConfiguration section */

/* Begin XCConfigurationList section */
		FC404A4A1C1789270005BC97 /* Build configuration list for PBXProject "Friend Book Plus" */ = {
			isa = XCConfigurationList;
			buildConfigurations = (
				FC404A5F1C1789270005BC97 /* Debug */,
				FC404A601C1789270005BC97 /* Release */,
			);
			defaultConfigurationIsVisible = 0;
			defaultConfigurationName = Release;
		};
		FC404A611C1789270005BC97 /* Build configuration list for PBXNativeTarget "Friend Book Plus" */ = {
			isa = XCConfigurationList;
			buildConfigurations = (
				FC404A621C1789270005BC97 /* Debug */,
				FC404A631C1789270005BC97 /* Release */,
			);
			defaultConfigurationIsVisible = 0;
		};
/* End XCConfigurationList section */
	};
	rootObject = FC404A471C1789270005BC97 /* Project object */;
}
